
Microsoft Visual Studio Solution File, Format Version 12.00
# Visual Studio Version 17
VisualStudioVersion = 17.3.32929.385
MinimumVisualStudioVersion = 10.0.40219.1
Project("{9A19103F-16F7-4668-BE54-9A1E7A4F7556}") = "QPathPlanner", "QPathPlanner\QPathPlanner.csproj", "{1C3480B3-A214-4201-AD9E-43B3988E7D85}"
EndProject
Global
	GlobalSection(SolutionConfigurationPlatforms) = preSolution
		Debug|Any CPU = Debug|Any CPU
		Debug|x64 = Debug|x64
		Release|Any CPU = Release|Any CPU
		Release|x64 = Release|x64
	EndGlobalSection
	GlobalSection(ProjectConfigurationPlatforms) = postSolution
		{1C3480B3-A214-4201-AD9E-43B3988E7D85}.Debug|Any CPU.ActiveCfg = Debug|Any CPU
		{1C3480B3-A214-4201-AD9E-43B3988E7D85}.Debug|Any CPU.Build.0 = Debug|Any CPU
		{1C3480B3-A214-4201-AD9E-43B3988E7D85}.Debug|x64.ActiveCfg = Debug|x64
		{1C3480B3-A214-4201-AD9E-43B3988E7D85}.Debug|x64.Build.0 = Debug|x64
		{1C3480B3-A214-4201-AD9E-43B3988E7D85}.Release|Any CPU.ActiveCfg = Release|Any CPU
		{1C3480B3-A214-4201-AD9E-43B3988E7D85}.Release|Any CPU.Build.0 = Release|Any CPU
		{1C3480B3-A214-4201-AD9E-43B3988E7D85}.Release|x64.ActiveCfg = Release|x64
		{1C3480B3-A214-4201-AD9E-43B3988E7D85}.Release|x64.Build.0 = Release|x64
	EndGlobalSection
	GlobalSection(SolutionProperties) = preSolution
		HideSolutionNode = FALSE
	EndGlobalSection
	GlobalSection(ExtensibilityGlobals) = postSolution
		SolutionGuid = {9CA6B304-FE95-4A71-8EC9-0AA9427C15BF}
	EndGlobalSection
EndGlobal
